
Microsoft Visual Studio Solution File, Format Version 12.00
# Visual Studio Version 17
VisualStudioVersion = 17.3.32825.248
MinimumVisualStudioVersion = 10.0.40219.1
Project("{FAE04EC0-301F-11D3-BF4B-00C04F79EFBC}") = "TP2-ORM-Presentation", "TP2-ORM_Damico_Claudio\TP2-ORM-Presentation.csproj", "{1CFCE919-B18F-499B-9E55-DE89A6682565}"
EndProject
Project("{FAE04EC0-301F-11D3-BF4B-00C04F79EFBC}") = "TP1-ORM-Application", "TP1-ORM-Application\TP1-ORM-Application.csproj", "{2153D1D4-FED9-4647-9192-B375C2BA3D24}"
EndProject
Project("{FAE04EC0-301F-11D3-BF4B-00C04F79EFBC}") = "TP1-ORM-Domain", "TP1-ORM-Domain\TP1-ORM-Domain.csproj", "{510E0DD1-C92A-48B7-954F-9B85060136AE}"
EndProject
Project("{FAE04EC0-301F-11D3-BF4B-00C04F79EFBC}") = "TP1-ORM-AccessData", "TP1-ORM-AccessData\TP1-ORM-AccessData.csproj", "{66F335AD-0C65-4377-A368-7225D426B1A1}"
EndProject
Global
	GlobalSection(SolutionConfigurationPlatforms) = preSolution
		Debug|Any CPU = Debug|Any CPU
		Release|Any CPU = Release|Any CPU
	EndGlobalSection
	GlobalSection(ProjectConfigurationPlatforms) = postSolution
		{1CFCE919-B18F-499B-9E55-DE89A6682565}.Debug|Any CPU.ActiveCfg = Debug|Any CPU
		{1CFCE919-B18F-499B-9E55-DE89A6682565}.Debug|Any CPU.Build.0 = Debug|Any CPU
		{1CFCE919-B18F-499B-9E55-DE89A6682565}.Release|Any CPU.ActiveCfg = Release|Any CPU
		{1CFCE919-B18F-499B-9E55-DE89A6682565}.Release|Any CPU.Build.0 = Release|Any CPU
		{2153D1D4-FED9-4647-9192-B375C2BA3D24}.Debug|Any CPU.ActiveCfg = Debug|Any CPU
		{2153D1D4-FED9-4647-9192-B375C2BA3D24}.Debug|Any CPU.Build.0 = Debug|Any CPU
		{2153D1D4-FED9-4647-9192-B375C2BA3D24}.Release|Any CPU.ActiveCfg = Release|Any CPU
		{2153D1D4-FED9-4647-9192-B375C2BA3D24}.Release|Any CPU.Build.0 = Release|Any CPU
		{510E0DD1-C92A-48B7-954F-9B85060136AE}.Debug|Any CPU.ActiveCfg = Debug|Any CPU
		{510E0DD1-C92A-48B7-954F-9B85060136AE}.Debug|Any CPU.Build.0 = Debug|Any CPU
		{510E0DD1-C92A-48B7-954F-9B85060136AE}.Release|Any CPU.ActiveCfg = Release|Any CPU
		{510E0DD1-C92A-48B7-954F-9B85060136AE}.Release|Any CPU.Build.0 = Release|Any CPU
		{66F335AD-0C65-4377-A368-7225D426B1A1}.Debug|Any CPU.ActiveCfg = Debug|Any CPU
		{66F335AD-0C65-4377-A368-7225D426B1A1}.Debug|Any CPU.Build.0 = Debug|Any CPU
		{66F335AD-0C65-4377-A368-7225D426B1A1}.Release|Any CPU.ActiveCfg = Release|Any CPU
		{66F335AD-0C65-4377-A368-7225D426B1A1}.Release|Any CPU.Build.0 = Release|Any CPU
	EndGlobalSection
	GlobalSection(SolutionProperties) = preSolution
		HideSolutionNode = FALSE
	EndGlobalSection
	GlobalSection(ExtensibilityGlobals) = postSolution
		SolutionGuid = {A7FB5E6E-B887-444D-91EC-31909AA0F508}
	EndGlobalSection
EndGlobal
